
Microsoft Visual Studio Solution File, Format Version 12.00
# Visual Studio Version 17
VisualStudioVersion = 17.0.31903.59
MinimumVisualStudioVersion = 10.0.40219.1
Project("{2150E333-8FDC-42A3-9474-1A3956D46DE8}") = "src", "src", "{827E0CD3-B72D-47B6-A68D-7590B98EB39B}"
EndProject
Project("{2150E333-8FDC-42A3-9474-1A3956D46DE8}") = "BuildingBlocks", "BuildingBlocks", "{90298CBA-BD6F-3A0A-69D5-97CAD7B05E7E}"
EndProject
Project("{FAE04EC0-301F-11D3-BF4B-00C04F79EFBC}") = "EShop.BuildingBlocks.Common", "src\BuildingBlocks\EShop.BuildingBlocks.Common\EShop.BuildingBlocks.Common.csproj", "{1B21FB7F-CA9C-40B2-ACDB-A89603ECD27A}"
EndProject
Project("{FAE04EC0-301F-11D3-BF4B-00C04F79EFBC}") = "EShop.BuildingBlocks.Messaging", "src\BuildingBlocks\EShop.BuildingBlocks.Messaging\EShop.BuildingBlocks.Messaging.csproj", "{6C3CD9BC-CBA7-4832-B0AB-707588961330}"
EndProject
Project("{2150E333-8FDC-42A3-9474-1A3956D46DE8}") = "Services", "Services", "{984BB9B3-3FA3-BE33-9484-CAC21695A33C}"
EndProject
Project("{2150E333-8FDC-42A3-9474-1A3956D46DE8}") = "Catalog", "Catalog", "{C91C1CF1-1625-0789-F869-53D87D6277BA}"
EndProject
Project("{FAE04EC0-301F-11D3-BF4B-00C04F79EFBC}") = "EShop.Catalog.API", "src\Services\Catalog\EShop.Catalog.API\EShop.Catalog.API.csproj", "{CAD25C1F-5773-4FB4-A6D6-A25A2304A376}"
EndProject
Project("{2150E333-8FDC-42A3-9474-1A3956D46DE8}") = "ApiGateways", "ApiGateways", "{ED3A6F05-8B42-2A19-DFFE-FDDDF787C538}"
EndProject
Project("{FAE04EC0-301F-11D3-BF4B-00C04F79EFBC}") = "EShop.Gateway", "src\ApiGateways\EShop.Gateway\EShop.Gateway.csproj", "{419E04D7-7AC7-402B-8FA4-836C873E6F73}"
EndProject
Global
	GlobalSection(SolutionConfigurationPlatforms) = preSolution
		Debug|Any CPU = Debug|Any CPU
		Debug|x64 = Debug|x64
		Debug|x86 = Debug|x86
		Release|Any CPU = Release|Any CPU
		Release|x64 = Release|x64
		Release|x86 = Release|x86
	EndGlobalSection
	GlobalSection(ProjectConfigurationPlatforms) = postSolution
		{1B21FB7F-CA9C-40B2-ACDB-A89603ECD27A}.Debug|Any CPU.ActiveCfg = Debug|Any CPU
		{1B21FB7F-CA9C-40B2-ACDB-A89603ECD27A}.Debug|Any CPU.Build.0 = Debug|Any CPU
		{1B21FB7F-CA9C-40B2-ACDB-A89603ECD27A}.Debug|x64.ActiveCfg = Debug|Any CPU
		{1B21FB7F-CA9C-40B2-ACDB-A89603ECD27A}.Debug|x64.Build.0 = Debug|Any CPU
		{1B21FB7F-CA9C-40B2-ACDB-A89603ECD27A}.Debug|x86.ActiveCfg = Debug|Any CPU
		{1B21FB7F-CA9C-40B2-ACDB-A89603ECD27A}.Debug|x86.Build.0 = Debug|Any CPU
		{1B21FB7F-CA9C-40B2-ACDB-A89603ECD27A}.Release|Any CPU.ActiveCfg = Release|Any CPU
		{1B21FB7F-CA9C-40B2-ACDB-A89603ECD27A}.Release|Any CPU.Build.0 = Release|Any CPU
		{1B21FB7F-CA9C-40B2-ACDB-A89603ECD27A}.Release|x64.ActiveCfg = Release|Any CPU
		{1B21FB7F-CA9C-40B2-ACDB-A89603ECD27A}.Release|x64.Build.0 = Release|Any CPU
		{1B21FB7F-CA9C-40B2-ACDB-A89603ECD27A}.Release|x86.ActiveCfg = Release|Any CPU
		{1B21FB7F-CA9C-40B2-ACDB-A89603ECD27A}.Release|x86.Build.0 = Release|Any CPU
		{6C3CD9BC-CBA7-4832-B0AB-707588961330}.Debug|Any CPU.ActiveCfg = Debug|Any CPU
		{6C3CD9BC-CBA7-4832-B0AB-707588961330}.Debug|Any CPU.Build.0 = Debug|Any CPU
		{6C3CD9BC-CBA7-4832-B0AB-707588961330}.Debug|x64.ActiveCfg = Debug|Any CPU
		{6C3CD9BC-CBA7-4832-B0AB-707588961330}.Debug|x64.Build.0 = Debug|Any CPU
		{6C3CD9BC-CBA7-4832-B0AB-707588961330}.Debug|x86.ActiveCfg = Debug|Any CPU
		{6C3CD9BC-CBA7-4832-B0AB-707588961330}.Debug|x86.Build.0 = Debug|Any CPU
		{6C3CD9BC-CBA7-4832-B0AB-707588961330}.Release|Any CPU.ActiveCfg = Release|Any CPU
		{6C3CD9BC-CBA7-4832-B0AB-707588961330}.Release|Any CPU.Build.0 = Release|Any CPU
		{6C3CD9BC-CBA7-4832-B0AB-707588961330}.Release|x64.ActiveCfg = Release|Any CPU
		{6C3CD9BC-CBA7-4832-B0AB-707588961330}.Release|x64.Build.0 = Release|Any CPU
		{6C3CD9BC-CBA7-4832-B0AB-707588961330}.Release|x86.ActiveCfg = Release|Any CPU
		{6C3CD9BC-CBA7-4832-B0AB-707588961330}.Release|x86.Build.0 = Release|Any CPU
		{CAD25C1F-5773-4FB4-A6D6-A25A2304A376}.Debug|Any CPU.ActiveCfg = Debug|Any CPU
		{CAD25C1F-5773-4FB4-A6D6-A25A2304A376}.Debug|Any CPU.Build.0 = Debug|Any CPU
		{CAD25C1F-5773-4FB4-A6D6-A25A2304A376}.Debug|x64.ActiveCfg = Debug|Any CPU
		{CAD25C1F-5773-4FB4-A6D6-A25A2304A376}.Debug|x64.Build.0 = Debug|Any CPU
		{CAD25C1F-5773-4FB4-A6D6-A25A2304A376}.Debug|x86.ActiveCfg = Debug|Any CPU
		{CAD25C1F-5773-4FB4-A6D6-A25A2304A376}.Debug|x86.Build.0 = Debug|Any CPU
		{CAD25C1F-5773-4FB4-A6D6-A25A2304A376}.Release|Any CPU.ActiveCfg = Release|Any CPU
		{CAD25C1F-5773-4FB4-A6D6-A25A2304A376}.Release|Any CPU.Build.0 = Release|Any CPU
		{CAD25C1F-5773-4FB4-A6D6-A25A2304A376}.Release|x64.ActiveCfg = Release|Any CPU
		{CAD25C1F-5773-4FB4-A6D6-A25A2304A376}.Release|x64.Build.0 = Release|Any CPU
		{CAD25C1F-5773-4FB4-A6D6-A25A2304A376}.Release|x86.ActiveCfg = Release|Any CPU
		{CAD25C1F-5773-4FB4-A6D6-A25A2304A376}.Release|x86.Build.0 = Release|Any CPU
		{419E04D7-7AC7-402B-8FA4-836C873E6F73}.Debug|Any CPU.ActiveCfg = Debug|Any CPU
		{419E04D7-7AC7-402B-8FA4-836C873E6F73}.Debug|Any CPU.Build.0 = Debug|Any CPU
		{419E04D7-7AC7-402B-8FA4-836C873E6F73}.Debug|x64.ActiveCfg = Debug|Any CPU
		{419E04D7-7AC7-402B-8FA4-836C873E6F73}.Debug|x64.Build.0 = Debug|Any CPU
		{419E04D7-7AC7-402B-8FA4-836C873E6F73}.Debug|x86.ActiveCfg = Debug|Any CPU
		{419E04D7-7AC7-402B-8FA4-836C873E6F73}.Debug|x86.Build.0 = Debug|Any CPU
		{419E04D7-7AC7-402B-8FA4-836C873E6F73}.Release|Any CPU.ActiveCfg = Release|Any CPU
		{419E04D7-7AC7-402B-8FA4-836C873E6F73}.Release|Any CPU.Build.0 = Release|Any CPU
		{419E04D7-7AC7-402B-8FA4-836C873E6F73}.Release|x64.ActiveCfg = Release|Any CPU
		{419E04D7-7AC7-402B-8FA4-836C873E6F73}.Release|x64.Build.0 = Release|Any CPU
		{419E04D7-7AC7-402B-8FA4-836C873E6F73}.Release|x86.ActiveCfg = Release|Any CPU
		{419E04D7-7AC7-402B-8FA4-836C873E6F73}.Release|x86.Build.0 = Release|Any CPU
	EndGlobalSection
	GlobalSection(SolutionProperties) = preSolution
		HideSolutionNode = FALSE
	EndGlobalSection
	GlobalSection(NestedProjects) = preSolution
		{90298CBA-BD6F-3A0A-69D5-97CAD7B05E7E} = {827E0CD3-B72D-47B6-A68D-7590B98EB39B}
		{1B21FB7F-CA9C-40B2-ACDB-A89603ECD27A} = {90298CBA-BD6F-3A0A-69D5-97CAD7B05E7E}
		{6C3CD9BC-CBA7-4832-B0AB-707588961330} = {90298CBA-BD6F-3A0A-69D5-97CAD7B05E7E}
		{984BB9B3-3FA3-BE33-9484-CAC21695A33C} = {827E0CD3-B72D-47B6-A68D-7590B98EB39B}
		{C91C1CF1-1625-0789-F869-53D87D6277BA} = {984BB9B3-3FA3-BE33-9484-CAC21695A33C}
		{CAD25C1F-5773-4FB4-A6D6-A25A2304A376} = {C91C1CF1-1625-0789-F869-53D87D6277BA}
		{ED3A6F05-8B42-2A19-DFFE-FDDDF787C538} = {827E0CD3-B72D-47B6-A68D-7590B98EB39B}
		{419E04D7-7AC7-402B-8FA4-836C873E6F73} = {ED3A6F05-8B42-2A19-DFFE-FDDDF787C538}
	EndGlobalSection
EndGlobal
